// !$*UTF8*$!
{
	archiveVersion = 1;
	classes = {
	};
	objectVersion = 48;
	objects = {

/* Begin PBXBuildFile section */
		94AAB46F206A80C900EE2F42 /* AppDelegate.swift in Sources */ = {isa = PBXBuildFile; fileRef = 94AAB46E206A80C900EE2F42 /* AppDelegate.swift */; };
		94AAB471206A80C900EE2F42 /* ViewController.swift in Sources */ = {isa = PBXBuildFile; fileRef = 94AAB470206A80C900EE2F42 /* ViewController.swift */; };
		94AAB474206A80C900EE2F42 /* Main.storyboard in Resources */ = {isa = PBXBuildFile; fileRef = 94AAB472206A80C900EE2F42 /* Main.storyboard */; };
		94AAB476206A80C900EE2F42 /* Assets.xcassets in Resources */ = {isa = PBXBuildFile; fileRef = 94AAB475206A80C900EE2F42 /* Assets.xcassets */; };
		94AAB479206A80C900EE2F42 /* LaunchScreen.storyboard in Resources */ = {isa = PBXBuildFile; fileRef = 94AAB477206A80C900EE2F42 /* LaunchScreen.storyboard */; };
		94AAB484206A80C900EE2F42 /* MagicGridTests.swift in Sources */ = {isa = PBXBuildFile; fileRef = 94AAB483206A80C900EE2F42 /* MagicGridTests.swift */; };
		94AAB48F206A80C900EE2F42 /* MagicGridUITests.swift in Sources */ = {isa = PBXBuildFile; fileRef = 94AAB48E206A80C900EE2F42 /* MagicGridUITests.swift */; };
/* End PBXBuildFile section */

/* Begin PBXContainerItemProxy section */
		94AAB480206A80C900EE2F42 /* PBXContainerItemProxy */ = {
			isa = PBXContainerItemProxy;
			containerPortal = 94AAB463206A80C900EE2F42 /* Project object */;
			proxyType = 1;
			remoteGlobalIDString = 94AAB46A206A80C900EE2F42;
			remoteInfo = MagicGrid;
		};
		94AAB48B206A80C900EE2F42 /* PBXContainerItemProxy */ = {
			isa = PBXContainerItemProxy;
			containerPortal = 94AAB463206A80C900EE2F42 /* Project object */;
			proxyType = 1;
			remoteGlobalIDString = 94AAB46A206A80C900EE2F42;
			remoteInfo = MagicGrid;
		};
/* End PBXContainerItemProxy section */

/* Begin PBXFileReference section */
		94AAB46B206A80C900EE2F42 /* MagicGrid.app */ = {isa = PBXFileReference; explicitFileType = wrapper.application; includeInIndex = 0; path = MagicGrid.app; sourceTree = BUILT_PRODUCTS_DIR; };
		94AAB46E206A80C900EE2F42 /* AppDelegate.swift */ = {isa = PBXFileReference; lastKnownFileType = sourcecode.swift; path = AppDelegate.swift; sourceTree = "<group>"; };
		94AAB470206A80C900EE2F42 /* ViewController.swift */ = {isa = PBXFileReference; lastKnownFileType = sourcecode.swift; path = ViewController.swift; sourceTree = "<group>"; };
		94AAB473206A80C900EE2F42 /* Base */ = {isa = PBXFileReference; lastKnownFileType = file.storyboard; name = Base; path = Base.lproj/Main.storyboard; sourceTree = "<group>"; };
		94AAB475206A80C900EE2F42 /* Assets.xcassets */ = {isa = PBXFileReference; lastKnownFileType = folder.assetcatalog; path = Assets.xcassets; sourceTree = "<group>"; };
		94AAB478206A80C900EE2F42 /* Base */ = {isa = PBXFileReference; lastKnownFileType = file.storyboard; name = Base; path = Base.lproj/LaunchScreen.storyboard; sourceTree = "<group>"; };
		94AAB47A206A80C900EE2F42 /* Info.plist */ = {isa = PBXFileReference; lastKnownFileType = text.plist.xml; path = Info.plist; sourceTree = "<group>"; };
		94AAB47F206A80C900EE2F42 /* MagicGridTests.xctest */ = {isa = PBXFileReference; explicitFileType = wrapper.cfbundle; includeInIndex = 0; path = MagicGridTests.xctest; sourceTree = BUILT_PRODUCTS_DIR; };
		94AAB483206A80C900EE2F42 /* MagicGridTests.swift */ = {isa = PBXFileReference; lastKnownFileType = sourcecode.swift; path = MagicGridTests.swift; sourceTree = "<group>"; };
		94AAB485206A80C900EE2F42 /* Info.plist */ = {isa = PBXFileReference; lastKnownFileType = text.plist.xml; path = Info.plist; sourceTree = "<group>"; };
		94AAB48A206A80C900EE2F42 /* MagicGridUITests.xctest */ = {isa = PBXFileReference; explicitFileType = wrapper.cfbundle; includeInIndex = 0; path = MagicGridUITests.xctest; sourceTree = BUILT_PRODUCTS_DIR; };
		94AAB48E206A80C900EE2F42 /* MagicGridUITests.swift */ = {isa = PBXFileReference; lastKnownFileType = sourcecode.swift; path = MagicGridUITests.swift; sourceTree = "<group>"; };
		94AAB490206A80C900EE2F42 /* Info.plist */ = {isa = PBXFileReference; lastKnownFileType = text.plist.xml; path = Info.plist; sourceTree = "<group>"; };
/* End PBXFileReference section */

/* Begin PBXFrameworksBuildPhase section */
		94AAB468206A80C900EE2F42 /* Frameworks */ = {
			isa = PBXFrameworksBuildPhase;
			buildActionMask = 2147483647;
			files = (
			);
			runOnlyForDeploymentPostprocessing = 0;
		};
		94AAB47C206A80C900EE2F42 /* Frameworks */ = {
			isa = PBXFrameworksBuildPhase;
			buildActionMask = 2147483647;
			files = (
			);
			runOnlyForDeploymentPostprocessing = 0;
		};
		94AAB487206A80C900EE2F42 /* Frameworks */ = {
			isa = PBXFrameworksBuildPhase;
			buildActionMask = 2147483647;
			files = (
			);
			runOnlyForDeploymentPostprocessing = 0;
		};
/* End PBXFrameworksBuildPhase section */

/* Begin PBXGroup section */
		94AAB462206A80C900EE2F42 = {
			isa = PBXGroup;
			children = (
				94AAB46D206A80C900EE2F42 /* MagicGrid */,
				94AAB482206A80C900EE2F42 /* MagicGridTests */,
				94AAB48D206A80C900EE2F42 /* MagicGridUITests */,
				94AAB46C206A80C900EE2F42 /* Products */,
			);
			sourceTree = "<group>";
		};
		94AAB46C206A80C900EE2F42 /* Products */ = {
			isa = PBXGroup;
			children = (
				94AAB46B206A80C900EE2F42 /* MagicGrid.app */,
				94AAB47F206A80C900EE2F42 /* MagicGridTests.xctest */,
				94AAB48A206A80C900EE2F42 /* MagicGridUITests.xctest */,
			);
			name = Products;
			sourceTree = "<group>";
		};
		94AAB46D206A80C900EE2F42 /* MagicGrid */ = {
			isa = PBXGroup;
			children = (
				94AAB46E206A80C900EE2F42 /* AppDelegate.swift */,
				94AAB470206A80C900EE2F42 /* ViewController.swift */,
				94AAB472206A80C900EE2F42 /* Main.storyboard */,
				94AAB475206A80C900EE2F42 /* Assets.xcassets */,
				94AAB477206A80C900EE2F42 /* LaunchScreen.storyboard */,
				94AAB47A206A80C900EE2F42 /* Info.plist */,
			);
			path = MagicGrid;
			sourceTree = "<group>";
		};
		94AAB482206A80C900EE2F42 /* MagicGridTests */ = {
			isa = PBXGroup;
			children = (
				94AAB483206A80C900EE2F42 /* MagicGridTests.swift */,
				94AAB485206A80C900EE2F42 /* Info.plist */,
			);
			path = MagicGridTests;
			sourceTree = "<group>";
		};
		94AAB48D206A80C900EE2F42 /* MagicGridUITests */ = {
			isa = PBXGroup;
			children = (
				94AAB48E206A80C900EE2F42 /* MagicGridUITests.swift */,
				94AAB490206A80C900EE2F42 /* Info.plist */,
			);
			path = MagicGridUITests;
			sourceTree = "<group>";
		};
/* End PBXGroup section */

/* Begin PBXNativeTarget section */
		94AAB46A206A80C900EE2F42 /* MagicGrid */ = {
			isa = PBXNativeTarget;
			buildConfigurationList = 94AAB493206A80C900EE2F42 /* Build configuration list for PBXNativeTarget "MagicGrid" */;
			buildPhases = (
				94AAB467206A80C900EE2F42 /* Sources */,
				94AAB468206A80C900EE2F42 /* Frameworks */,
				94AAB469206A80C900EE2F42 /* Resources */,
			);
			buildRules = (
			);
			dependencies = (
			);
			name = MagicGrid;
			productName = MagicGrid;
			productReference = 94AAB46B206A80C900EE2F42 /* MagicGrid.app */;
			productType = "com.apple.product-type.application";
		};
		94AAB47E206A80C900EE2F42 /* MagicGridTests */ = {
			isa = PBXNativeTarget;
			buildConfigurationList = 94AAB496206A80C900EE2F42 /* Build configuration list for PBXNativeTarget "MagicGridTests" */;
			buildPhases = (
				94AAB47B206A80C900EE2F42 /* Sources */,
				94AAB47C206A80C900EE2F42 /* Frameworks */,
				94AAB47D206A80C900EE2F42 /* Resources */,
			);
			buildRules = (
			);
			dependencies = (
				94AAB481206A80C900EE2F42 /* PBXTargetDependency */,
			);
			name = MagicGridTests;
			productName = MagicGridTests;
			productReference = 94AAB47F206A80C900EE2F42 /* MagicGridTests.xctest */;
			productType = "com.apple.product-type.bundle.unit-test";
		};
		94AAB489206A80C900EE2F42 /* MagicGridUITests */ = {
			isa = PBXNativeTarget;
			buildConfigurationList = 94AAB499206A80C900EE2F42 /* Build configuration list for PBXNativeTarget "MagicGridUITests" */;
			buildPhases = (
				94AAB486206A80C900EE2F42 /* Sources */,
				94AAB487206A80C900EE2F42 /* Frameworks */,
				94AAB488206A80C900EE2F42 /* Resources */,
			);
			buildRules = (
			);
			dependencies = (
				94AAB48C206A80C900EE2F42 /* PBXTargetDependency */,
			);
			name = MagicGridUITests;
			productName = MagicGridUITests;
			productReference = 94AAB48A206A80C900EE2F42 /* MagicGridUITests.xctest */;
			productType = "com.apple.product-type.bundle.ui-testing";
		};
/* End PBXNativeTarget section */

/* Begin PBXProject section */
		94AAB463206A80C900EE2F42 /* Project object */ = {
			isa = PBXProject;
			attributes = {
				LastSwiftUpdateCheck = 0920;
				LastUpgradeCheck = 0920;
				ORGANIZATIONNAME = "John Bogil";
				TargetAttributes = {
					94AAB46A206A80C900EE2F42 = {
						CreatedOnToolsVersion = 9.2;
						ProvisioningStyle = Automatic;
					};
					94AAB47E206A80C900EE2F42 = {
						CreatedOnToolsVersion = 9.2;
						ProvisioningStyle = Automatic;
						TestTargetID = 94AAB46A206A80C900EE2F42;
					};
					94AAB489206A80C900EE2F42 = {
						CreatedOnToolsVersion = 9.2;
						ProvisioningStyle = Automatic;
						TestTargetID = 94AAB46A206A80C900EE2F42;
					};
				};
			};
			buildConfigurationList = 94AAB466206A80C900EE2F42 /* Build configuration list for PBXProject "MagicGrid" */;
			compatibilityVersion = "Xcode 8.0";
			developmentRegion = en;
			hasScannedForEncodings = 0;
			knownRegions = (
				en,
				Base,
			);
			mainGroup = 94AAB462206A80C900EE2F42;
			productRefGroup = 94AAB46C206A80C900EE2F42 /* Products */;
			projectDirPath = "";
			projectRoot = "";
			targets = (
				94AAB46A206A80C900EE2F42 /* MagicGrid */,
				94AAB47E206A80C900EE2F42 /* MagicGridTests */,
				94AAB489206A80C900EE2F42 /* MagicGridUITests */,
			);
		};
/* End PBXProject section */

/* Begin PBXResourcesBuildPhase section */
		94AAB469206A80C900EE2F42 /* Resources */ = {
			isa = PBXResourcesBuildPhase;
			buildActionMask = 2147483647;
			files = (
				94AAB479206A80C900EE2F42 /* LaunchScreen.storyboard in Resources */,
				94AAB476206A80C900EE2F42 /* Assets.xcassets in Resources */,
				94AAB474206A80C900EE2F42 /* Main.storyboard in Resources */,
			);
			runOnlyForDeploymentPostprocessing = 0;
		};
		94AAB47D206A80C900EE2F42 /* Resources */ = {
			isa = PBXResourcesBuildPhase;
			buildActionMask = 2147483647;
			files = (
			);
			runOnlyForDeploymentPostprocessing = 0;
		};
		94AAB488206A80C900EE2F42 /* Resources */ = {
			isa = PBXResourcesBuildPhase;
			buildActionMask = 2147483647;
			files = (
			);
			runOnlyForDeploymentPostprocessing = 0;
		};
/* End PBXResourcesBuildPhase section */

/* Begin PBXSourcesBuildPhase section */
		94AAB467206A80C900EE2F42 /* Sources */ = {
			isa = PBXSourcesBuildPhase;
			buildActionMask = 2147483647;
			files = (
				94AAB471206A80C900EE2F42 /* ViewController.swift in Sources */,
				94AAB46F206A80C900EE2F42 /* AppDelegate.swift in Sources */,
			);
			runOnlyForDeploymentPostprocessing = 0;
		};
		94AAB47B206A80C900EE2F42 /* Sources */ = {
			isa = PBXSourcesBuildPhase;
			buildActionMask = 2147483647;
			files = (
				94AAB484206A80C900EE2F42 /* MagicGridTests.swift in Sources */,
			);
			runOnlyForDeploymentPostprocessing = 0;
		};
		94AAB486206A80C900EE2F42 /* Sources */ = {
			isa = PBXSourcesBuildPhase;
			buildActionMask = 2147483647;
			files = (
				94AAB48F206A80C900EE2F42 /* MagicGridUITests.swift in Sources */,
			);
			runOnlyForDeploymentPostprocessing = 0;
		};
/* End PBXSourcesBuildPhase section */

/* Begin PBXTargetDependency section */
		94AAB481206A80C900EE2F42 /* PBXTargetDependency */ = {
			isa = PBXTargetDependency;
			target = 94AAB46A206A80C900EE2F42 /* MagicGrid */;
			targetProxy = 94AAB480206A80C900EE2F42 /* PBXContainerItemProxy */;
		};
		94AAB48C206A80C900EE2F42 /* PBXTargetDependency */ = {
			isa = PBXTargetDependency;
			target = 94AAB46A206A80C900EE2F42 /* MagicGrid */;
			targetProxy = 94AAB48B206A80C900EE2F42 /* PBXContainerItemProxy */;
		};
/* End PBXTargetDependency section */

/* Begin PBXVariantGroup section */
		94AAB472206A80C900EE2F42 /* Main.storyboard */ = {
			isa = PBXVariantGroup;
			children = (
				94AAB473206A80C900EE2F42 /* Base */,
			);
			name = Main.storyboard;
			sourceTree = "<group>";
		};
		94AAB477206A80C900EE2F42 /* LaunchScreen.storyboard */ = {
			isa = PBXVariantGroup;
			children = (
				94AAB478206A80C900EE2F42 /* Base */,
			);
			name = LaunchScreen.storyboard;
			sourceTree = "<group>";
		};
/* End PBXVariantGroup section */

/* Begin XCBuildConfiguration section */
		94AAB491206A80C900EE2F42 /* Debug */ = {
			isa = XCBuildConfiguration;
			buildSettings = {
				ALWAYS_SEARCH_USER_PATHS = NO;
				CLANG_ANALYZER_NONNULL = YES;
				CLANG_ANALYZER_NUMBER_OBJECT_CONVERSION = YES_AGGRESSIVE;
				CLANG_CXX_LANGUAGE_STANDARD = "gnu++14";
				CLANG_CXX_LIBRARY = "libc++";
				CLANG_ENABLE_MODULES = YES;
				CLANG_ENABLE_OBJC_ARC = YES;
				CLANG_WARN_BLOCK_CAPTURE_AUTORELEASING = YES;
				CLANG_WARN_BOOL_CONVERSION = YES;
				CLANG_WARN_COMMA = YES;
				CLANG_WARN_CONSTANT_CONVERSION = YES;
				CLANG_WARN_DIRECT_OBJC_ISA_USAGE = YES_ERROR;
				CLANG_WARN_DOCUMENTATION_COMMENTS = YES;
				CLANG_WARN_EMPTY_BODY = YES;
				CLANG_WARN_ENUM_CONVERSION = YES;
				CLANG_WARN_INFINITE_RECURSION = YES;
				CLANG_WARN_INT_CONVERSION = YES;
				CLANG_WARN_NON_LITERAL_NULL_CONVERSION = YES;
				CLANG_WARN_OBJC_LITERAL_CONVERSION = YES;
				CLANG_WARN_OBJC_ROOT_CLASS = YES_ERROR;
				CLANG_WARN_RANGE_LOOP_ANALYSIS = YES;
				CLANG_WARN_STRICT_PROTOTYPES = YES;
				CLANG_WARN_SUSPICIOUS_MOVE = YES;
				CLANG_WARN_UNGUARDED_AVAILABILITY = YES_AGGRESSIVE;
				CLANG_WARN_UNREACHABLE_CODE = YES;
				CLANG_WARN__DUPLICATE_METHOD_MATCH = YES;
				CODE_SIGN_IDENTITY = "iPhone Developer";
				COPY_PHASE_STRIP = NO;
				DEBUG_INFORMATION_FORMAT = dwarf;
				ENABLE_STRICT_OBJC_MSGSEND = YES;
				ENABLE_TESTABILITY = YES;
				GCC_C_LANGUAGE_STANDARD = gnu11;
				GCC_DYNAMIC_NO_PIC = NO;
				GCC_NO_COMMON_BLOCKS = YES;
				GCC_OPTIMIZATION_LEVEL = 0;
				GCC_PREPROCESSOR_DEFINITIONS = (
					"DEBUG=1",
					"$(inherited)",
				);
				GCC_WARN_64_TO_32_BIT_CONVERSION = YES;
				GCC_WARN_ABOUT_RETURN_TYPE = YES_ERROR;
				GCC_WARN_UNDECLARED_SELECTOR = YES;
				GCC_WARN_UNINITIALIZED_AUTOS = YES_AGGRESSIVE;
				GCC_WARN_UNUSED_FUNCTION = YES;
				GCC_WARN_UNUSED_VARIABLE = YES;
				IPHONEOS_DEPLOYMENT_TARGET = 11.2;
				MTL_ENABLE_DEBUG_INFO = YES;
				ONLY_ACTIVE_ARCH = YES;
				SDKROOT = iphoneos;
				SWIFT_ACTIVE_COMPILATION_CONDITIONS = DEBUG;
				SWIFT_OPTIMIZATION_LEVEL = "-Onone";
			};
			name = Debug;
		};
		94AAB492206A80C900EE2F42 /* Release */ = {
			isa = XCBuildConfiguration;
			buildSettings = {
				ALWAYS_SEARCH_USER_PATHS = NO;
				CLANG_ANALYZER_NONNULL = YES;
				CLANG_ANALYZER_NUMBER_OBJECT_CONVERSION = YES_AGGRESSIVE;
				CLANG_CXX_LANGUAGE_STANDARD = "gnu++14";
				CLANG_CXX_LIBRARY = "libc++";
				CLANG_ENABLE_MODULES = YES;
				CLANG_ENABLE_OBJC_ARC = YES;
				CLANG_WARN_BLOCK_CAPTURE_AUTORELEASING = YES;
				CLANG_WARN_BOOL_CONVERSION = YES;
				CLANG_WARN_COMMA = YES;
				CLANG_WARN_CONSTANT_CONVERSION = YES;
				CLANG_WARN_DIRECT_OBJC_ISA_USAGE = YES_ERROR;
				CLANG_WARN_DOCUMENTATION_COMMENTS = YES;
				CLANG_WARN_EMPTY_BODY = YES;
				CLANG_WARN_ENUM_CONVERSION = YES;
				CLANG_WARN_INFINITE_RECURSION = YES;
				CLANG_WARN_INT_CONVERSION = YES;
				CLANG_WARN_NON_LITERAL_NULL_CONVERSION = YES;
				CLANG_WARN_OBJC_LITERAL_CONVERSION = YES;
				CLANG_WARN_OBJC_ROOT_CLASS = YES_ERROR;
				CLANG_WARN_RANGE_LOOP_ANALYSIS = YES;
				CLANG_WARN_STRICT_PROTOTYPES = YES;
				CLANG_WARN_SUSPICIOUS_MOVE = YES;
				CLANG_WARN_UNGUARDED_AVAILABILITY = YES_AGGRESSIVE;
				CLANG_WARN_UNREACHABLE_CODE = YES;
				CLANG_WARN__DUPLICATE_METHOD_MATCH = YES;
				CODE_SIGN_IDENTITY = "iPhone Developer";
				COPY_PHASE_STRIP = NO;
				DEBUG_INFORMATION_FORMAT = "dwarf-with-dsym";
				ENABLE_NS_ASSERTIONS = NO;
				ENABLE_STRICT_OBJC_MSGSEND = YES;
				GCC_C_LANGUAGE_STANDARD = gnu11;
				GCC_NO_COMMON_BLOCKS = YES;
				GCC_WARN_64_TO_32_BIT_CONVERSION = YES;
				GCC_WARN_ABOUT_RETURN_TYPE = YES_ERROR;
				GCC_WARN_UNDECLARED_SELECTOR = YES;
				GCC_WARN_UNINITIALIZED_AUTOS = YES_AGGRESSIVE;
				GCC_WARN_UNUSED_FUNCTION = YES;
				GCC_WARN_UNUSED_VARIABLE = YES;
				IPHONEOS_DEPLOYMENT_TARGET = 11.2;
				MTL_ENABLE_DEBUG_INFO = NO;
				SDKROOT = iphoneos;
				SWIFT_OPTIMIZATION_LEVEL = "-Owholemodule";
				VALIDATE_PRODUCT = YES;
			};
			name = Release;
		};
		94AAB494206A80C900EE2F42 /* Debug */ = {
			isa = XCBuildConfiguration;
			buildSettings = {
				ASSETCATALOG_COMPILER_APPICON_NAME = AppIcon;
				CODE_SIGN_STYLE = Automatic;
				DEVELOPMENT_TEAM = 4Y3GGL46D2;
				INFOPLIST_FILE = MagicGrid/Info.plist;
				LD_RUNPATH_SEARCH_PATHS = "$(inherited) @executable_path/Frameworks";
				PRODUCT_BUNDLE_IDENTIFIER = johnbogil.MagicGrid;
				PRODUCT_NAME = "$(TARGET_NAME)";
				SWIFT_VERSION = 4.0;
				TARGETED_DEVICE_FAMILY = "1,2";
			};
			name = Debug;
		};
		94AAB495206A80C900EE2F42 /* Release */ = {
			isa = XCBuildConfiguration;
			buildSettings = {
				ASSETCATALOG_COMPILER_APPICON_NAME = AppIcon;
				CODE_SIGN_STYLE = Automatic;
				DEVELOPMENT_TEAM = 4Y3GGL46D2;
				INFOPLIST_FILE = MagicGrid/Info.plist;
				LD_RUNPATH_SEARCH_PATHS = "$(inherited) @executable_path/Frameworks";
				PRODUCT_BUNDLE_IDENTIFIER = johnbogil.MagicGrid;
				PRODUCT_NAME = "$(TARGET_NAME)";
				SWIFT_VERSION = 4.0;
				TARGETED_DEVICE_FAMILY = "1,2";
			};
			name = Release;
		};
		94AAB497206A80C900EE2F42 /* Debug */ = {
			isa = XCBuildConfiguration;
			buildSettings = {
				ALWAYS_EMBED_SWIFT_STANDARD_LIBRARIES = YES;
				BUNDLE_LOADER = "$(TEST_HOST)";
				CODE_SIGN_STYLE = Automatic;
				DEVELOPMENT_TEAM = 4Y3GGL46D2;
				INFOPLIST_FILE = MagicGridTests/Info.plist;
				LD_RUNPATH_SEARCH_PATHS = "$(inherited) @executable_path/Frameworks @loader_path/Frameworks";
				PRODUCT_BUNDLE_IDENTIFIER = johnbogil.MagicGridTests;
				PRODUCT_NAME = "$(TARGET_NAME)";
				SWIFT_VERSION = 4.0;
				TARGETED_DEVICE_FAMILY = "1,2";
				TEST_HOST = "$(BUILT_PRODUCTS_DIR)/MagicGrid.app/MagicGrid";
			};
			name = Debug;
		};
		94AAB498206A80C900EE2F42 /* Release */ = {
			isa = XCBuildConfiguration;
			buildSettings = {
				ALWAYS_EMBED_SWIFT_STANDARD_LIBRARIES = YES;
				BUNDLE_LOADER = "$(TEST_HOST)";
				CODE_SIGN_STYLE = Automatic;
				DEVELOPMENT_TEAM = 4Y3GGL46D2;
				INFOPLIST_FILE = MagicGridTests/Info.plist;
				LD_RUNPATH_SEARCH_PATHS = "$(inherited) @executable_path/Frameworks @loader_path/Frameworks";
				PRODUCT_BUNDLE_IDENTIFIER = johnbogil.MagicGridTests;
				PRODUCT_NAME = "$(TARGET_NAME)";
				SWIFT_VERSION = 4.0;
				TARGETED_DEVICE_FAMILY = "1,2";
				TEST_HOST = "$(BUILT_PRODUCTS_DIR)/MagicGrid.app/MagicGrid";
			};
			name = Release;
		};
		94AAB49A206A80C900EE2F42 /* Debug */ = {
			isa = XCBuildConfiguration;
			buildSettings = {
				ALWAYS_EMBED_SWIFT_STANDARD_LIBRARIES = YES;
				CODE_SIGN_STYLE = Automatic;
				DEVELOPMENT_TEAM = 4Y3GGL46D2;
				INFOPLIST_FILE = MagicGridUITests/Info.plist;
				LD_RUNPATH_SEARCH_PATHS = "$(inherited) @executable_path/Frameworks @loader_path/Frameworks";
				PRODUCT_BUNDLE_IDENTIFIER = johnbogil.MagicGridUITests;
				PRODUCT_NAME = "$(TARGET_NAME)";
				SWIFT_VERSION = 4.0;
				TARGETED_DEVICE_FAMILY = "1,2";
				TEST_TARGET_NAME = MagicGrid;
			};
			name = Debug;
		};
		94AAB49B206A80C900EE2F42 /* Release */ = {
			isa = XCBuildConfiguration;
			buildSettings = {
				ALWAYS_EMBED_SWIFT_STANDARD_LIBRARIES = YES;
				CODE_SIGN_STYLE = Automatic;
				DEVELOPMENT_TEAM = 4Y3GGL46D2;
				INFOPLIST_FILE = MagicGridUITests/Info.plist;
				LD_RUNPATH_SEARCH_PATHS = "$(inherited) @executable_path/Frameworks @loader_path/Frameworks";
				PRODUCT_BUNDLE_IDENTIFIER = johnbogil.MagicGridUITests;
				PRODUCT_NAME = "$(TARGET_NAME)";
				SWIFT_VERSION = 4.0;
				TARGETED_DEVICE_FAMILY = "1,2";
				TEST_TARGET_NAME = MagicGrid;
			};
			name = Release;
		};
/* End XCBuildConfiguration section */

/* Begin XCConfigurationList section */
		94AAB466206A80C900EE2F42 /* Build configuration list for PBXProject "MagicGrid" */ = {
			isa = XCConfigurationList;
			buildConfigurations = (
				94AAB491206A80C900EE2F42 /* Debug */,
				94AAB492206A80C900EE2F42 /* Release */,
			);
			defaultConfigurationIsVisible = 0;
			defaultConfigurationName = Release;
		};
		94AAB493206A80C900EE2F42 /* Build configuration list for PBXNativeTarget "MagicGrid" */ = {
			isa = XCConfigurationList;
			buildConfigurations = (
				94AAB494206A80C900EE2F42 /* Debug */,
				94AAB495206A80C900EE2F42 /* Release */,
			);
			defaultConfigurationIsVisible = 0;
			defaultConfigurationName = Release;
		};
		94AAB496206A80C900EE2F42 /* Build configuration list for PBXNativeTarget "MagicGridTests" */ = {
			isa = XCConfigurationList;
			buildConfigurations = (
				94AAB497206A80C900EE2F42 /* Debug */,
				94AAB498206A80C900EE2F42 /* Release */,
			);
			defaultConfigurationIsVisible = 0;
			defaultConfigurationName = Release;
		};
		94AAB499206A80C900EE2F42 /* Build configuration list for PBXNativeTarget "MagicGridUITests" */ = {
			isa = XCConfigurationList;
			buildConfigurations = (
				94AAB49A206A80C900EE2F42 /* Debug */,
				94AAB49B206A80C900EE2F42 /* Release */,
			);
			defaultConfigurationIsVisible = 0;
			defaultConfigurationName = Release;
		};
/* End XCConfigurationList section */
	};
	rootObject = 94AAB463206A80C900EE2F42 /* Project object */;
}
